<Solution>
  <Project Path="accounting/accounting.csproj" />
  <Project Path="blazordeployservice/blazordeployservice.csproj" />
  <Project Path="central-client/central-client.csproj" />
  <Project Path="share/share.csproj" />
  <Project Path="webapi/webapi.csproj" />
  <Project Path="inventory/inventory.csproj" />
  <Project Path="treasury/treasury.csproj" />
  <Project Path="payroll/payroll.csproj" />
  <Project Path="goldshop/goldshop.csproj" />
  <Project Path="store/store.csproj" />
  <Project Path="tests/Hermes.ContractTests/Hermes.ContractTests.csproj" />
</Solution>
