<Solution>
  <Project Path="Tarazin.Data/Tarazin.Data.csproj" />
  <Project Path="Tarazin.Maui/Tarazin.Maui.csproj" />
  <Project Path="Tarazin.Share/Tarazin.Share.csproj" />
  <Project Path="Tarazin.Ui/Tarazin.Ui.csproj" />
  <Project Path="Tarazin.Web/Tarazin.Web.csproj" />
  <Project Path="Tarazin.Tests/Tarazin.Tests.csproj" />
</Solution>
